
Microsoft Visual Studio Solution File, Format Version 12.00
# Visual Studio Version 17
VisualStudioVersion = 17.8.34330.188
MinimumVisualStudioVersion = 10.0.40219.1
Project("{F184B08F-C81C-45F6-A57F-5ABD9991F28F}") = "Voting Online System", "Voting Online System\Voting Online System.vbproj", "{C9F95BC9-E49F-426B-9665-7A834DDE8AF7}"
EndProject
Project("{F184B08F-C81C-45F6-A57F-5ABD9991F28F}") = "subs", "subs\subs.vbproj", "{9C48BD88-CAEE-49D0-A7C3-F6EF06D02808}"
EndProject
Global
	GlobalSection(SolutionConfigurationPlatforms) = preSolution
		Debug|Any CPU = Debug|Any CPU
		Release|Any CPU = Release|Any CPU
	EndGlobalSection
	GlobalSection(ProjectConfigurationPlatforms) = postSolution
		{C9F95BC9-E49F-426B-9665-7A834DDE8AF7}.Debug|Any CPU.ActiveCfg = Debug|Any CPU
		{C9F95BC9-E49F-426B-9665-7A834DDE8AF7}.Debug|Any CPU.Build.0 = Debug|Any CPU
		{C9F95BC9-E49F-426B-9665-7A834DDE8AF7}.Release|Any CPU.ActiveCfg = Release|Any CPU
		{C9F95BC9-E49F-426B-9665-7A834DDE8AF7}.Release|Any CPU.Build.0 = Release|Any CPU
		{9C48BD88-CAEE-49D0-A7C3-F6EF06D02808}.Debug|Any CPU.ActiveCfg = Debug|Any CPU
		{9C48BD88-CAEE-49D0-A7C3-F6EF06D02808}.Debug|Any CPU.Build.0 = Debug|Any CPU
		{9C48BD88-CAEE-49D0-A7C3-F6EF06D02808}.Release|Any CPU.ActiveCfg = Release|Any CPU
		{9C48BD88-CAEE-49D0-A7C3-F6EF06D02808}.Release|Any CPU.Build.0 = Release|Any CPU
	EndGlobalSection
	GlobalSection(SolutionProperties) = preSolution
		HideSolutionNode = FALSE
	EndGlobalSection
	GlobalSection(ExtensibilityGlobals) = postSolution
		SolutionGuid = {427D5F90-5446-47CD-B2E2-130DF0EF3D1C}
	EndGlobalSection
EndGlobal
